
Microsoft Visual Studio Solution File, Format Version 12.00
# Visual Studio Version 17
VisualStudioVersion = 17.6.33815.320
MinimumVisualStudioVersion = 10.0.40219.1
Project("{FAE04EC0-301F-11D3-BF4B-00C04F79EFBC}") = "KhuBrick", "KhuBrick\KhuBrick.csproj", "{E19FF1C7-113C-4F0D-88C2-9FA6FEA0E32C}"
EndProject
Global
	GlobalSection(SolutionConfigurationPlatforms) = preSolution
		Debug|Any CPU = Debug|Any CPU
		Release|Any CPU = Release|Any CPU
	EndGlobalSection
	GlobalSection(ProjectConfigurationPlatforms) = postSolution
		{E19FF1C7-113C-4F0D-88C2-9FA6FEA0E32C}.Debug|Any CPU.ActiveCfg = Debug|Any CPU
		{E19FF1C7-113C-4F0D-88C2-9FA6FEA0E32C}.Debug|Any CPU.Build.0 = Debug|Any CPU
		{E19FF1C7-113C-4F0D-88C2-9FA6FEA0E32C}.Release|Any CPU.ActiveCfg = Release|Any CPU
		{E19FF1C7-113C-4F0D-88C2-9FA6FEA0E32C}.Release|Any CPU.Build.0 = Release|Any CPU
	EndGlobalSection
	GlobalSection(SolutionProperties) = preSolution
		HideSolutionNode = FALSE
	EndGlobalSection
	GlobalSection(ExtensibilityGlobals) = postSolution
		SolutionGuid = {7EE1A9A4-E033-4B4A-845A-733B18067A45}
	EndGlobalSection
EndGlobal
